
Microsoft Visual Studio Solution File, Format Version 12.00
# Visual Studio 15
VisualStudioVersion = 15.0.25123.0
MinimumVisualStudioVersion = 10.0.40219.1
Project("{FAE04EC0-301F-11D3-BF4B-00C04F79EFBC}") = "Eks.Core", "Eks.Core\Eks.Core.csproj", "{D7B59D6F-94AF-4182-9867-60AC10781B4B}"
EndProject
Project("{FAE04EC0-301F-11D3-BF4B-00C04F79EFBC}") = "Eks.Core.UnitTests", "Eks.Core.UnitTests\Eks.Core.UnitTests.csproj", "{506F0E76-DE32-47BD-AA0E-6CF0F21A9E70}"
EndProject
Global
	GlobalSection(SolutionConfigurationPlatforms) = preSolution
		Debug|Any CPU = Debug|Any CPU
		Release|Any CPU = Release|Any CPU
	EndGlobalSection
	GlobalSection(ProjectConfigurationPlatforms) = postSolution
		{D7B59D6F-94AF-4182-9867-60AC10781B4B}.Debug|Any CPU.ActiveCfg = Debug|Any CPU
		{D7B59D6F-94AF-4182-9867-60AC10781B4B}.Debug|Any CPU.Build.0 = Debug|Any CPU
		{D7B59D6F-94AF-4182-9867-60AC10781B4B}.Release|Any CPU.ActiveCfg = Release|Any CPU
		{D7B59D6F-94AF-4182-9867-60AC10781B4B}.Release|Any CPU.Build.0 = Release|Any CPU
		{506F0E76-DE32-47BD-AA0E-6CF0F21A9E70}.Debug|Any CPU.ActiveCfg = Debug|Any CPU
		{506F0E76-DE32-47BD-AA0E-6CF0F21A9E70}.Debug|Any CPU.Build.0 = Debug|Any CPU
		{506F0E76-DE32-47BD-AA0E-6CF0F21A9E70}.Release|Any CPU.ActiveCfg = Release|Any CPU
		{506F0E76-DE32-47BD-AA0E-6CF0F21A9E70}.Release|Any CPU.Build.0 = Release|Any CPU
	EndGlobalSection
	GlobalSection(SolutionProperties) = preSolution
		HideSolutionNode = FALSE
	EndGlobalSection
EndGlobal
