
Microsoft Visual Studio Solution File, Format Version 12.00
# Visual Studio Version 16
VisualStudioVersion = 16.0.29326.143
MinimumVisualStudioVersion = 10.0.40219.1
Project("{9A19103F-16F7-4668-BE54-9A1E7A4F7556}") = "Kpax.Core", "Kpax.Core\Kpax.Core.csproj", "{FF6EDC76-258F-48EC-A89C-39D4A8DC8510}"
EndProject
Project("{9A19103F-16F7-4668-BE54-9A1E7A4F7556}") = "Kpax.Core.UnitTests", "Kpax.Core.UnitTests\Kpax.Core.UnitTests.csproj", "{DCDF795A-628D-4785-A371-A2E7E88E91E5}"
EndProject
Project("{9A19103F-16F7-4668-BE54-9A1E7A4F7556}") = "Kpax.Abstraction", "Kpax.Abstraction\Kpax.Abstraction.csproj", "{45CE4091-6CA2-4D27-8D9E-D44B4472379B}"
EndProject
Global
	GlobalSection(SolutionConfigurationPlatforms) = preSolution
		Debug|Any CPU = Debug|Any CPU
		Release|Any CPU = Release|Any CPU
	EndGlobalSection
	GlobalSection(ProjectConfigurationPlatforms) = postSolution
		{FF6EDC76-258F-48EC-A89C-39D4A8DC8510}.Debug|Any CPU.ActiveCfg = Debug|Any CPU
		{FF6EDC76-258F-48EC-A89C-39D4A8DC8510}.Debug|Any CPU.Build.0 = Debug|Any CPU
		{FF6EDC76-258F-48EC-A89C-39D4A8DC8510}.Release|Any CPU.ActiveCfg = Release|Any CPU
		{FF6EDC76-258F-48EC-A89C-39D4A8DC8510}.Release|Any CPU.Build.0 = Release|Any CPU
		{DCDF795A-628D-4785-A371-A2E7E88E91E5}.Debug|Any CPU.ActiveCfg = Debug|Any CPU
		{DCDF795A-628D-4785-A371-A2E7E88E91E5}.Debug|Any CPU.Build.0 = Debug|Any CPU
		{DCDF795A-628D-4785-A371-A2E7E88E91E5}.Release|Any CPU.ActiveCfg = Release|Any CPU
		{DCDF795A-628D-4785-A371-A2E7E88E91E5}.Release|Any CPU.Build.0 = Release|Any CPU
		{45CE4091-6CA2-4D27-8D9E-D44B4472379B}.Debug|Any CPU.ActiveCfg = Debug|Any CPU
		{45CE4091-6CA2-4D27-8D9E-D44B4472379B}.Debug|Any CPU.Build.0 = Debug|Any CPU
		{45CE4091-6CA2-4D27-8D9E-D44B4472379B}.Release|Any CPU.ActiveCfg = Release|Any CPU
		{45CE4091-6CA2-4D27-8D9E-D44B4472379B}.Release|Any CPU.Build.0 = Release|Any CPU
	EndGlobalSection
	GlobalSection(SolutionProperties) = preSolution
		HideSolutionNode = FALSE
	EndGlobalSection
	GlobalSection(ExtensibilityGlobals) = postSolution
		SolutionGuid = {1F1E2906-7E5F-4F3F-A3A4-7C5070222171}
	EndGlobalSection
EndGlobal
